
Microsoft Visual Studio Solution File, Format Version 12.00
# Visual Studio 15
VisualStudioVersion = 15.0.28307.902
MinimumVisualStudioVersion = 10.0.40219.1
Project("{FAE04EC0-301F-11D3-BF4B-00C04F79EFBC}") = "ZadatakPP", "ZadatakPP\ZadatakPP.csproj", "{B6402ED0-9B41-4868-96BA-E52ED982EB45}"
EndProject
Project("{FAE04EC0-301F-11D3-BF4B-00C04F79EFBC}") = "Classes", "Classes\Classes.csproj", "{02A6F6C0-7300-4400-89A5-B8CAAC245951}"
EndProject
Global
	GlobalSection(SolutionConfigurationPlatforms) = preSolution
		Debug|Any CPU = Debug|Any CPU
		Release|Any CPU = Release|Any CPU
	EndGlobalSection
	GlobalSection(ProjectConfigurationPlatforms) = postSolution
		{B6402ED0-9B41-4868-96BA-E52ED982EB45}.Debug|Any CPU.ActiveCfg = Debug|Any CPU
		{B6402ED0-9B41-4868-96BA-E52ED982EB45}.Debug|Any CPU.Build.0 = Debug|Any CPU
		{B6402ED0-9B41-4868-96BA-E52ED982EB45}.Release|Any CPU.ActiveCfg = Release|Any CPU
		{B6402ED0-9B41-4868-96BA-E52ED982EB45}.Release|Any CPU.Build.0 = Release|Any CPU
		{02A6F6C0-7300-4400-89A5-B8CAAC245951}.Debug|Any CPU.ActiveCfg = Debug|Any CPU
		{02A6F6C0-7300-4400-89A5-B8CAAC245951}.Debug|Any CPU.Build.0 = Debug|Any CPU
		{02A6F6C0-7300-4400-89A5-B8CAAC245951}.Release|Any CPU.ActiveCfg = Release|Any CPU
		{02A6F6C0-7300-4400-89A5-B8CAAC245951}.Release|Any CPU.Build.0 = Release|Any CPU
	EndGlobalSection
	GlobalSection(SolutionProperties) = preSolution
		HideSolutionNode = FALSE
	EndGlobalSection
	GlobalSection(ExtensibilityGlobals) = postSolution
		SolutionGuid = {371A87CC-C8C7-447C-94BB-CD6EA769E556}
	EndGlobalSection
EndGlobal
